
Microsoft Visual Studio Solution File, Format Version 12.00
# Visual Studio Version 16
VisualStudioVersion = 16.0.29025.244
MinimumVisualStudioVersion = 10.0.40219.1
Project("{FAE04EC0-301F-11D3-BF4B-00C04F79EFBC}") = "BorderVisible", "BorderVisible\BorderVisible.csproj", "{8DD428D1-1CA3-4103-8163-41BB19DBD87A}"
EndProject
Global
	GlobalSection(SolutionConfigurationPlatforms) = preSolution
		Debug|Any CPU = Debug|Any CPU
		Release|Any CPU = Release|Any CPU
	EndGlobalSection
	GlobalSection(ProjectConfigurationPlatforms) = postSolution
		{8DD428D1-1CA3-4103-8163-41BB19DBD87A}.Debug|Any CPU.ActiveCfg = Debug|Any CPU
		{8DD428D1-1CA3-4103-8163-41BB19DBD87A}.Debug|Any CPU.Build.0 = Debug|Any CPU
		{8DD428D1-1CA3-4103-8163-41BB19DBD87A}.Release|Any CPU.ActiveCfg = Release|Any CPU
		{8DD428D1-1CA3-4103-8163-41BB19DBD87A}.Release|Any CPU.Build.0 = Release|Any CPU
	EndGlobalSection
	GlobalSection(SolutionProperties) = preSolution
		HideSolutionNode = FALSE
	EndGlobalSection
	GlobalSection(ExtensibilityGlobals) = postSolution
		SolutionGuid = {44179F99-B4F8-47D6-9E0B-4A91C9F388DD}
	EndGlobalSection
EndGlobal
